
Microsoft Visual Studio Solution File, Format Version 12.00
# Visual Studio Version 16
VisualStudioVersion = 16.0.30804.86
MinimumVisualStudioVersion = 10.0.40219.1
Project("{F184B08F-C81C-45F6-A57F-5ABD9991F28F}") = "EjemploTFHKA", "EjemploTFHKA\EjemploTFHKA.vbproj", "{F76468BE-FB53-4AFD-BEAF-2CB8AB1C8F00}"
EndProject
Global
	GlobalSection(SolutionConfigurationPlatforms) = preSolution
		Debug|Any CPU = Debug|Any CPU
		Release|Any CPU = Release|Any CPU
	EndGlobalSection
	GlobalSection(ProjectConfigurationPlatforms) = postSolution
		{F76468BE-FB53-4AFD-BEAF-2CB8AB1C8F00}.Debug|Any CPU.ActiveCfg = Debug|Any CPU
		{F76468BE-FB53-4AFD-BEAF-2CB8AB1C8F00}.Debug|Any CPU.Build.0 = Debug|Any CPU
		{F76468BE-FB53-4AFD-BEAF-2CB8AB1C8F00}.Release|Any CPU.ActiveCfg = Release|Any CPU
		{F76468BE-FB53-4AFD-BEAF-2CB8AB1C8F00}.Release|Any CPU.Build.0 = Release|Any CPU
	EndGlobalSection
	GlobalSection(SolutionProperties) = preSolution
		HideSolutionNode = FALSE
	EndGlobalSection
	GlobalSection(ExtensibilityGlobals) = postSolution
		SolutionGuid = {BCFAADC2-15D9-40C0-A005-C5C3916F9407}
	EndGlobalSection
EndGlobal
